
Microsoft Visual Studio Solution File, Format Version 12.00
# Visual Studio Version 17
VisualStudioVersion = 17.6.33712.159
MinimumVisualStudioVersion = 10.0.40219.1
Project("{FAE04EC0-301F-11D3-BF4B-00C04F79EFBC}") = "CURD", "CURD\CURD.csproj", "{73871776-F8E9-42E1-B3D7-1BBE9E9DA9C2}"
EndProject
Global
	GlobalSection(SolutionConfigurationPlatforms) = preSolution
		Debug|Any CPU = Debug|Any CPU
		Release|Any CPU = Release|Any CPU
	EndGlobalSection
	GlobalSection(ProjectConfigurationPlatforms) = postSolution
		{73871776-F8E9-42E1-B3D7-1BBE9E9DA9C2}.Debug|Any CPU.ActiveCfg = Debug|Any CPU
		{73871776-F8E9-42E1-B3D7-1BBE9E9DA9C2}.Debug|Any CPU.Build.0 = Debug|Any CPU
		{73871776-F8E9-42E1-B3D7-1BBE9E9DA9C2}.Release|Any CPU.ActiveCfg = Release|Any CPU
		{73871776-F8E9-42E1-B3D7-1BBE9E9DA9C2}.Release|Any CPU.Build.0 = Release|Any CPU
	EndGlobalSection
	GlobalSection(SolutionProperties) = preSolution
		HideSolutionNode = FALSE
	EndGlobalSection
	GlobalSection(ExtensibilityGlobals) = postSolution
		SolutionGuid = {3F5B723B-8CFC-425D-A170-90C17AAD1454}
	EndGlobalSection
EndGlobal
